{
  "version": 4,
  "terraform_version": "1.1.2",
  "serial": 39,
  "lineage": "2bac43f5-3bf4-0ec6-341b-6081ba78f9a4",
  "outputs": {},
  "resources": [
    {
      "mode": "managed",
      "type": "azurerm_app_service",
      "name": "appserve",
      "provider": "provider[\"registry.terraform.io/hashicorp/azurerm\"]",
      "instances": [
        {
          "schema_version": 0,
          "attributes": {
            "app_service_plan_id": "/subscriptions/91978212-4174-4712-97e3-1eba7f3ddd64/resourceGroups/azureappservrg/providers/Microsoft.Web/serverfarms/raks-appserviceplan",
            "app_settings": {
              "WEBSITE_NODE_DEFAULT_VERSION": "6.9.1"
            },
            "auth_settings": [
              {
                "active_directory": [],
                "additional_login_params": {},
                "allowed_external_redirect_urls": [],
                "default_provider": "",
                "enabled": false,
                "facebook": [],
                "google": [],
                "issuer": "",
                "microsoft": [],
                "runtime_version": "",
                "token_refresh_extension_hours": 0,
                "token_store_enabled": false,
                "twitter": [],
                "unauthenticated_client_action": ""
              }
            ],
            "backup": [
              {
                "enabled": true,
                "name": "sitebackup",
                "schedule": [
                  {
                    "frequency_interval": 10,
                    "frequency_unit": "Day",
                    "keep_at_least_one_backup": false,
                    "retention_period_in_days": 30,
                    "start_time": ""
                  }
                ],
                "storage_account_url": "https://coderbackup.blob.core.windows.net/$logs?sv=2021-06-08\u0026ss=bfqt\u0026srt=c\u0026sp=rwdlacupiytfx\u0026se=2022-09-07T20:14:07Z\u0026st=2022-09-07T12:14:07Z\u0026spr=https\u0026sig=Mu3khwffkkaCVaySFCP4DWUgH%2BtGJMR9L8bKlrRPb14%3D\u0026sr=b"
              }
            ],
            "client_affinity_enabled": false,
            "client_cert_enabled": false,
            "client_cert_mode": "Required",
            "connection_string": [],
            "custom_domain_verification_id": "10D408E19BF21A11EDCD09A2CF2BB5B7495E60FF99B6C1E2561C43F79B220758",
            "default_site_hostname": "raks1appserve.azurewebsites.net",
            "enabled": true,
            "https_only": false,
            "id": "/subscriptions/91978212-4174-4712-97e3-1eba7f3ddd64/resourceGroups/azureappservrg/providers/Microsoft.Web/sites/raks1appserve",
            "identity": [],
            "key_vault_reference_identity_id": "SystemAssigned",
            "location": "centralus",
            "logs": [
              {
                "application_logs": [
                  {
                    "azure_blob_storage": [],
                    "file_system_level": "Off"
                  }
                ],
                "detailed_error_messages_enabled": false,
                "failed_request_tracing_enabled": false,
                "http_logs": [
                  {
                    "azure_blob_storage": [],
                    "file_system": []
                  }
                ]
              }
            ],
            "name": "raks1appserve",
            "outbound_ip_address_list": [
              "20.84.234.97",
              "20.84.234.190",
              "20.84.235.250",
              "20.84.237.175",
              "20.84.238.21",
              "20.84.238.243",
              "20.40.202.39"
            ],
            "outbound_ip_addresses": "20.84.234.97,20.84.234.190,20.84.235.250,20.84.237.175,20.84.238.21,20.84.238.243,20.40.202.39",
            "possible_outbound_ip_address_list": [
              "20.84.234.97",
              "20.84.234.190",
              "20.84.235.250",
              "20.84.237.175",
              "20.84.238.21",
              "20.84.238.243",
              "20.84.239.147",
              "20.84.234.41",
              "20.84.239.181",
              "20.84.237.138",
              "20.84.239.187",
              "20.84.239.188",
              "20.84.239.197",
              "20.84.239.213",
              "20.84.235.188",
              "20.84.239.227",
              "20.98.171.23",
              "20.98.171.29",
              "20.98.171.99",
              "20.98.171.101",
              "20.98.171.131",
              "20.98.171.140",
              "20.98.171.144",
              "20.98.172.94",
              "20.98.172.106",
              "20.98.172.123",
              "20.98.172.233",
              "20.98.172.252",
              "20.98.173.40",
              "20.98.173.198",
              "20.40.202.39"
            ],
            "possible_outbound_ip_addresses": "20.84.234.97,20.84.234.190,20.84.235.250,20.84.237.175,20.84.238.21,20.84.238.243,20.84.239.147,20.84.234.41,20.84.239.181,20.84.237.138,20.84.239.187,20.84.239.188,20.84.239.197,20.84.239.213,20.84.235.188,20.84.239.227,20.98.171.23,20.98.171.29,20.98.171.99,20.98.171.101,20.98.171.131,20.98.171.140,20.98.171.144,20.98.172.94,20.98.172.106,20.98.172.123,20.98.172.233,20.98.172.252,20.98.173.40,20.98.173.198,20.40.202.39",
            "resource_group_name": "azureappservrg",
            "site_config": [
              {
                "acr_use_managed_identity_credentials": false,
                "acr_user_managed_identity_client_id": "",
                "always_on": true,
                "app_command_line": "",
                "auto_swap_slot_name": "",
                "cors": [
                  {
                    "allowed_origins": [],
                    "support_credentials": false
                  }
                ],
                "default_documents": [],
                "dotnet_framework_version": "v4.0",
                "ftps_state": "AllAllowed",
                "health_check_path": "",
                "http2_enabled": false,
                "ip_restriction": [],
                "java_container": "",
                "java_container_version": "",
                "java_version": "",
                "linux_fx_version": "",
                "local_mysql_enabled": false,
                "managed_pipeline_mode": "Integrated",
                "min_tls_version": "1.2",
                "number_of_workers": 1,
                "php_version": "",
                "python_version": "",
                "remote_debugging_enabled": false,
                "remote_debugging_version": "VS2019",
                "scm_ip_restriction": [],
                "scm_type": "GitHub",
                "scm_use_main_ip_restriction": false,
                "use_32_bit_worker_process": false,
                "vnet_route_all_enabled": false,
                "websockets_enabled": false,
                "windows_fx_version": ""
              }
            ],
            "site_credential": [
              {
                "password": "xhmulqoWxCmFwZpip5ufc1fF6jal7Y0ctaJecRRGTsaBCXp8jstLiGl3zqxq",
                "username": "$raks1appserve"
              }
            ],
            "source_control": [
              {
                "branch": "master",
                "manual_integration": false,
                "repo_url": "https://github.com/Rakshithavinay/awesome-terraform",
                "rollback_enabled": false,
                "use_mercurial": false
              }
            ],
            "storage_account": [],
            "tags": {},
            "timeouts": null
          },
          "sensitive_attributes": [],
          "private": "eyJlMmJmYjczMC1lY2FhLTExZTYtOGY4OC0zNDM2M2JjN2M0YzAiOnsiY3JlYXRlIjoxODAwMDAwMDAwMDAwLCJkZWxldGUiOjE4MDAwMDAwMDAwMDAsInJlYWQiOjMwMDAwMDAwMDAwMCwidXBkYXRlIjoxODAwMDAwMDAwMDAwfX0=",
          "dependencies": [
            "azurerm_app_service_plan.appplan",
            "azurerm_resource_group.raksrg"
          ]
        }
      ]
    },
    {
      "mode": "managed",
      "type": "azurerm_app_service_plan",
      "name": "appplan",
      "provider": "provider[\"registry.terraform.io/hashicorp/azurerm\"]",
      "instances": [
        {
          "schema_version": 0,
          "attributes": {
            "app_service_environment_id": "",
            "id": "/subscriptions/91978212-4174-4712-97e3-1eba7f3ddd64/resourceGroups/azureappservrg/providers/Microsoft.Web/serverfarms/raks-appserviceplan",
            "is_xenon": false,
            "kind": "Windows",
            "location": "centralus",
            "maximum_elastic_worker_count": 1,
            "maximum_number_of_workers": 10,
            "name": "raks-appserviceplan",
            "per_site_scaling": false,
            "reserved": false,
            "resource_group_name": "azureappservrg",
            "sku": [
              {
                "capacity": 1,
                "size": "S1",
                "tier": "Standard"
              }
            ],
            "tags": {},
            "timeouts": null,
            "zone_redundant": false
          },
          "sensitive_attributes": [],
          "private": "eyJlMmJmYjczMC1lY2FhLTExZTYtOGY4OC0zNDM2M2JjN2M0YzAiOnsiY3JlYXRlIjozNjAwMDAwMDAwMDAwLCJkZWxldGUiOjM2MDAwMDAwMDAwMDAsInJlYWQiOjMwMDAwMDAwMDAwMCwidXBkYXRlIjozNjAwMDAwMDAwMDAwfX0=",
          "dependencies": [
            "azurerm_resource_group.raksrg"
          ]
        }
      ]
    },
    {
      "mode": "managed",
      "type": "azurerm_resource_group",
      "name": "raksrg",
      "provider": "provider[\"registry.terraform.io/hashicorp/azurerm\"]",
      "instances": [
        {
          "schema_version": 0,
          "attributes": {
            "id": "/subscriptions/91978212-4174-4712-97e3-1eba7f3ddd64/resourceGroups/azureappservrg",
            "location": "centralus",
            "name": "azureappservrg",
            "tags": {},
            "timeouts": null
          },
          "sensitive_attributes": [],
          "private": "eyJlMmJmYjczMC1lY2FhLTExZTYtOGY4OC0zNDM2M2JjN2M0YzAiOnsiY3JlYXRlIjo1NDAwMDAwMDAwMDAwLCJkZWxldGUiOjU0MDAwMDAwMDAwMDAsInJlYWQiOjMwMDAwMDAwMDAwMCwidXBkYXRlIjo1NDAwMDAwMDAwMDAwfX0="
        }
      ]
    }
  ]
}
